
Microsoft Visual Studio Solution File, Format Version 12.00
# Visual Studio 14
VisualStudioVersion = 14.0.23107.0
MinimumVisualStudioVersion = 10.0.40219.1
Project("{2150E333-8FDC-42A3-9474-1A3956D46DE8}") = "01-Infrastructure", "01-Infrastructure", "{E3BD5EE6-4265-4846-AE74-E3841FBFFA44}"
EndProject
Project("{2150E333-8FDC-42A3-9474-1A3956D46DE8}") = "02-Repository", "02-Repository", "{96DF297F-076D-4CFD-8BF5-8BDF75FFE98B}"
EndProject
Project("{2150E333-8FDC-42A3-9474-1A3956D46DE8}") = "03-Service", "03-Service", "{4F384018-80FE-4823-8D74-D2BD4D42F2D3}"
EndProject
Project("{2150E333-8FDC-42A3-9474-1A3956D46DE8}") = "05-Web", "05-Web", "{BDA153EA-CFEE-42F5-857D-B5610E5183E4}"
EndProject
Project("{FAE04EC0-301F-11D3-BF4B-00C04F79EFBC}") = "LunWen.Infrastructure", "LunWen.Infrastructure\LunWen.Infrastructure.csproj", "{50C7CDE9-4E3D-4712-91BA-CB5A18406130}"
EndProject
Project("{FAE04EC0-301F-11D3-BF4B-00C04F79EFBC}") = "LunWen.Repository", "LunWen.Repository\LunWen.Repository.csproj", "{4541FA5B-5B1D-48DE-ABDD-ECAE3771A888}"
EndProject
Project("{FAE04EC0-301F-11D3-BF4B-00C04F79EFBC}") = "LunWen.Service", "LunWen.Service\LunWen.Service.csproj", "{6F79A302-185E-479F-8A76-590F4F03FA1C}"
EndProject
Project("{FAE04EC0-301F-11D3-BF4B-00C04F79EFBC}") = "LunWen.Web", "LunWen.Web\LunWen.Web.csproj", "{9C4D47E5-C58B-4399-B695-F71D0DBAE1C6}"
EndProject
Project("{2150E333-8FDC-42A3-9474-1A3956D46DE8}") = "04-Model", "04-Model", "{345F20E3-14F8-4193-B125-F175E2B581AE}"
EndProject
Project("{FAE04EC0-301F-11D3-BF4B-00C04F79EFBC}") = "LunWen.Model", "LunWen.Model\LunWen.Model.csproj", "{9109494D-2E7A-4011-B27D-CBA4C185E023}"
EndProject
Project("{2150E333-8FDC-42A3-9474-1A3956D46DE8}") = "07-ConsoleClient", "07-ConsoleClient", "{5BD34D0B-3ABC-4190-9179-4B7AB398EC88}"
EndProject
Project("{FAE04EC0-301F-11D3-BF4B-00C04F79EFBC}") = "ConsoleClient", "ConsoleClient\ConsoleClient.csproj", "{36521937-8057-4D32-B0A1-3E6B6C1FCF20}"
EndProject
Project("{2150E333-8FDC-42A3-9474-1A3956D46DE8}") = "06-Api", "06-Api", "{14669872-99CE-49E4-AA12-15DF66F4DA4E}"
EndProject
Project("{FAE04EC0-301F-11D3-BF4B-00C04F79EFBC}") = "LunWen.Api", "LunWen.Api\LunWen.Api.csproj", "{F79FE7FF-1384-416E-A891-4FDA671DE3B2}"
EndProject
Project("{FAE04EC0-301F-11D3-BF4B-00C04F79EFBC}") = "LunWen.Cache", "LunWen.Cache\LunWen.Cache.csproj", "{EC3801A3-A009-4D0C-A614-275A3050B04B}"
EndProject
Project("{2150E333-8FDC-42A3-9474-1A3956D46DE8}") = "08-WindowsService", "08-WindowsService", "{D1B37D9D-2811-4E41-ADCE-2D063085F016}"
EndProject
Project("{FAE04EC0-301F-11D3-BF4B-00C04F79EFBC}") = "TimerService", "TimerService\TimerService.csproj", "{629D6F49-0B9E-48E9-ACB2-E451E6A481AF}"
EndProject
Project("{FAE04EC0-301F-11D3-BF4B-00C04F79EFBC}") = "LunWen.Enums", "LunWen.Enums\LunWen.Enums.csproj", "{C15761E0-7E82-4736-B3D6-953EDF2BDCCB}"
EndProject
Global
	GlobalSection(SolutionConfigurationPlatforms) = preSolution
		Debug|Any CPU = Debug|Any CPU
		Release|Any CPU = Release|Any CPU
	EndGlobalSection
	GlobalSection(ProjectConfigurationPlatforms) = postSolution
		{50C7CDE9-4E3D-4712-91BA-CB5A18406130}.Debug|Any CPU.ActiveCfg = Debug|Any CPU
		{50C7CDE9-4E3D-4712-91BA-CB5A18406130}.Debug|Any CPU.Build.0 = Debug|Any CPU
		{50C7CDE9-4E3D-4712-91BA-CB5A18406130}.Release|Any CPU.ActiveCfg = Release|Any CPU
		{50C7CDE9-4E3D-4712-91BA-CB5A18406130}.Release|Any CPU.Build.0 = Release|Any CPU
		{4541FA5B-5B1D-48DE-ABDD-ECAE3771A888}.Debug|Any CPU.ActiveCfg = Debug|Any CPU
		{4541FA5B-5B1D-48DE-ABDD-ECAE3771A888}.Debug|Any CPU.Build.0 = Debug|Any CPU
		{4541FA5B-5B1D-48DE-ABDD-ECAE3771A888}.Release|Any CPU.ActiveCfg = Release|Any CPU
		{4541FA5B-5B1D-48DE-ABDD-ECAE3771A888}.Release|Any CPU.Build.0 = Release|Any CPU
		{6F79A302-185E-479F-8A76-590F4F03FA1C}.Debug|Any CPU.ActiveCfg = Debug|Any CPU
		{6F79A302-185E-479F-8A76-590F4F03FA1C}.Debug|Any CPU.Build.0 = Debug|Any CPU
		{6F79A302-185E-479F-8A76-590F4F03FA1C}.Release|Any CPU.ActiveCfg = Release|Any CPU
		{6F79A302-185E-479F-8A76-590F4F03FA1C}.Release|Any CPU.Build.0 = Release|Any CPU
		{9C4D47E5-C58B-4399-B695-F71D0DBAE1C6}.Debug|Any CPU.ActiveCfg = Debug|Any CPU
		{9C4D47E5-C58B-4399-B695-F71D0DBAE1C6}.Debug|Any CPU.Build.0 = Debug|Any CPU
		{9C4D47E5-C58B-4399-B695-F71D0DBAE1C6}.Release|Any CPU.ActiveCfg = Release|Any CPU
		{9C4D47E5-C58B-4399-B695-F71D0DBAE1C6}.Release|Any CPU.Build.0 = Release|Any CPU
		{9109494D-2E7A-4011-B27D-CBA4C185E023}.Debug|Any CPU.ActiveCfg = Debug|Any CPU
		{9109494D-2E7A-4011-B27D-CBA4C185E023}.Debug|Any CPU.Build.0 = Debug|Any CPU
		{9109494D-2E7A-4011-B27D-CBA4C185E023}.Release|Any CPU.ActiveCfg = Release|Any CPU
		{9109494D-2E7A-4011-B27D-CBA4C185E023}.Release|Any CPU.Build.0 = Release|Any CPU
		{36521937-8057-4D32-B0A1-3E6B6C1FCF20}.Debug|Any CPU.ActiveCfg = Debug|Any CPU
		{36521937-8057-4D32-B0A1-3E6B6C1FCF20}.Debug|Any CPU.Build.0 = Debug|Any CPU
		{36521937-8057-4D32-B0A1-3E6B6C1FCF20}.Release|Any CPU.ActiveCfg = Release|Any CPU
		{36521937-8057-4D32-B0A1-3E6B6C1FCF20}.Release|Any CPU.Build.0 = Release|Any CPU
		{F79FE7FF-1384-416E-A891-4FDA671DE3B2}.Debug|Any CPU.ActiveCfg = Debug|Any CPU
		{F79FE7FF-1384-416E-A891-4FDA671DE3B2}.Debug|Any CPU.Build.0 = Debug|Any CPU
		{F79FE7FF-1384-416E-A891-4FDA671DE3B2}.Release|Any CPU.ActiveCfg = Release|Any CPU
		{F79FE7FF-1384-416E-A891-4FDA671DE3B2}.Release|Any CPU.Build.0 = Release|Any CPU
		{EC3801A3-A009-4D0C-A614-275A3050B04B}.Debug|Any CPU.ActiveCfg = Debug|Any CPU
		{EC3801A3-A009-4D0C-A614-275A3050B04B}.Debug|Any CPU.Build.0 = Debug|Any CPU
		{EC3801A3-A009-4D0C-A614-275A3050B04B}.Release|Any CPU.ActiveCfg = Release|Any CPU
		{EC3801A3-A009-4D0C-A614-275A3050B04B}.Release|Any CPU.Build.0 = Release|Any CPU
		{629D6F49-0B9E-48E9-ACB2-E451E6A481AF}.Debug|Any CPU.ActiveCfg = Debug|Any CPU
		{629D6F49-0B9E-48E9-ACB2-E451E6A481AF}.Debug|Any CPU.Build.0 = Debug|Any CPU
		{629D6F49-0B9E-48E9-ACB2-E451E6A481AF}.Release|Any CPU.ActiveCfg = Release|Any CPU
		{629D6F49-0B9E-48E9-ACB2-E451E6A481AF}.Release|Any CPU.Build.0 = Release|Any CPU
		{C15761E0-7E82-4736-B3D6-953EDF2BDCCB}.Debug|Any CPU.ActiveCfg = Debug|Any CPU
		{C15761E0-7E82-4736-B3D6-953EDF2BDCCB}.Debug|Any CPU.Build.0 = Debug|Any CPU
		{C15761E0-7E82-4736-B3D6-953EDF2BDCCB}.Release|Any CPU.ActiveCfg = Release|Any CPU
		{C15761E0-7E82-4736-B3D6-953EDF2BDCCB}.Release|Any CPU.Build.0 = Release|Any CPU
	EndGlobalSection
	GlobalSection(SolutionProperties) = preSolution
		HideSolutionNode = FALSE
	EndGlobalSection
	GlobalSection(NestedProjects) = preSolution
		{50C7CDE9-4E3D-4712-91BA-CB5A18406130} = {E3BD5EE6-4265-4846-AE74-E3841FBFFA44}
		{4541FA5B-5B1D-48DE-ABDD-ECAE3771A888} = {96DF297F-076D-4CFD-8BF5-8BDF75FFE98B}
		{6F79A302-185E-479F-8A76-590F4F03FA1C} = {4F384018-80FE-4823-8D74-D2BD4D42F2D3}
		{9C4D47E5-C58B-4399-B695-F71D0DBAE1C6} = {BDA153EA-CFEE-42F5-857D-B5610E5183E4}
		{9109494D-2E7A-4011-B27D-CBA4C185E023} = {345F20E3-14F8-4193-B125-F175E2B581AE}
		{36521937-8057-4D32-B0A1-3E6B6C1FCF20} = {5BD34D0B-3ABC-4190-9179-4B7AB398EC88}
		{F79FE7FF-1384-416E-A891-4FDA671DE3B2} = {14669872-99CE-49E4-AA12-15DF66F4DA4E}
		{EC3801A3-A009-4D0C-A614-275A3050B04B} = {4F384018-80FE-4823-8D74-D2BD4D42F2D3}
		{629D6F49-0B9E-48E9-ACB2-E451E6A481AF} = {D1B37D9D-2811-4E41-ADCE-2D063085F016}
		{C15761E0-7E82-4736-B3D6-953EDF2BDCCB} = {345F20E3-14F8-4193-B125-F175E2B581AE}
	EndGlobalSection
EndGlobal
